PODS:
  - Alamofire (4.6.0)
  - Dropdowns (2.0.0)
  - Realm (3.1.1):
    - Realm/Headers (= 3.1.1)
  - Realm/Headers (3.1.1)
  - RealmSwift (3.1.1):
    - Realm (= 3.1.1)
  - SDWebImage (4.3.0):
    - SDWebImage/Core (= 4.3.0)
  - SDWebImage/Core (4.3.0)
  - SwiftyJSON (4.0.0)
  - YouTubePlayer (0.4.0)

DEPENDENCIES:
  - Alamofire (~> 4.6)
  - Dropdowns
  - RealmSwift
  - SDWebImage (~> 4.0)
  - SwiftyJSON
  - YouTubePlayer

SPEC CHECKSUMS:
  Alamofire: f41a599bd63041760b26d393ec1069d9d7b917f4
  Dropdowns: 9dd32d9ac9cc59e56ae093b588d35477abde32d2
  Realm: 42d1c38a5b1bbcc828b48a7ce702cb86fc68adf4
  RealmSwift: d31937ca6a6ee54acde64ec839523c0a3c04924b
  SDWebImage: 6da6c8bca115addc4de8613362e1b15f66333825
  SwiftyJSON: 070dabdcb1beb81b247c65ffa3a79dbbfb3b48aa
  YouTubePlayer: 028451f6772f372d4759866db99824c676ac1473

PODFILE CHECKSUM: bf8464c3d0ffcc27ac9a8068f1e1fca10f8e7d41

COCOAPODS: 1.4.0
